
Microsoft Visual Studio Solution File, Format Version 12.00
# Visual Studio Version 17
VisualStudioVersion = 17.6.33801.468
MinimumVisualStudioVersion = 10.0.40219.1
Project("{FAE04EC0-301F-11D3-BF4B-00C04F79EFBC}") = "WinFormsApp1", "WinFormsApp1\WinFormsApp1.csproj", "{F34D0F43-245B-45A2-9EF5-B5DA58EB0BD8}"
EndProject
Global
	GlobalSection(SolutionConfigurationPlatforms) = preSolution
		Debug|Any CPU = Debug|Any CPU
		Release|Any CPU = Release|Any CPU
	EndGlobalSection
	GlobalSection(ProjectConfigurationPlatforms) = postSolution
		{F34D0F43-245B-45A2-9EF5-B5DA58EB0BD8}.Debug|Any CPU.ActiveCfg = Debug|Any CPU
		{F34D0F43-245B-45A2-9EF5-B5DA58EB0BD8}.Debug|Any CPU.Build.0 = Debug|Any CPU
		{F34D0F43-245B-45A2-9EF5-B5DA58EB0BD8}.Release|Any CPU.ActiveCfg = Release|Any CPU
		{F34D0F43-245B-45A2-9EF5-B5DA58EB0BD8}.Release|Any CPU.Build.0 = Release|Any CPU
	EndGlobalSection
	GlobalSection(SolutionProperties) = preSolution
		HideSolutionNode = FALSE
	EndGlobalSection
	GlobalSection(ExtensibilityGlobals) = postSolution
		SolutionGuid = {FC393972-C4D9-43F6-A236-79813476C5E9}
	EndGlobalSection
EndGlobal
